PODS:
  - Capacitor (6.1.0):
    - CapacitorCordova
  - CapacitorActionSheet (6.0.3):
    - Capacitor
  - CapacitorApp (6.0.0-beta.1):
    - Capacitor
  - CapacitorCordova (6.1.0)
  - CapacitorHaptics (6.0.0-beta.1):
    - Capacitor
  - CapacitorKeyboard (6.0.0-beta.1):
    - Capacitor
  - CapacitorPushNotifications (6.0.1):
    - Capacitor
  - CapacitorStatusBar (6.0.0-beta.1):
    - Capacitor

DEPENDENCIES:
  - "Capacitor (from `../../node_modules/@capacitor/ios`)"
  - "CapacitorActionSheet (from `../../node_modules/@capacitor/action-sheet`)"
  - "CapacitorApp (from `../../node_modules/@capacitor/app`)"
  - "CapacitorCordova (from `../../node_modules/@capacitor/ios`)"
  - "CapacitorHaptics (from `../../node_modules/@capacitor/haptics`)"
  - "CapacitorKeyboard (from `../../node_modules/@capacitor/keyboard`)"
  - "CapacitorPushNotifications (from `../../node_modules/@capacitor/push-notifications`)"
  - "CapacitorStatusBar (from `../../node_modules/@capacitor/status-bar`)"

EXTERNAL SOURCES:
  Capacitor:
    :path: "../../node_modules/@capacitor/ios"
  CapacitorActionSheet:
    :path: "../../node_modules/@capacitor/action-sheet"
  CapacitorApp:
    :path: "../../node_modules/@capacitor/app"
  CapacitorCordova:
    :path: "../../node_modules/@capacitor/ios"
  CapacitorHaptics:
    :path: "../../node_modules/@capacitor/haptics"
  CapacitorKeyboard:
    :path: "../../node_modules/@capacitor/keyboard"
  CapacitorPushNotifications:
    :path: "../../node_modules/@capacitor/push-notifications"
  CapacitorStatusBar:
    :path: "../../node_modules/@capacitor/status-bar"

SPEC CHECKSUMS:
  Capacitor: 3aff4dee0552f6badcd04f47ab3174387d71f47d
  CapacitorActionSheet: d1655abbbd3a57b86a7868269e8114848b5dac3e
  CapacitorApp: 213321c51cdeb1193b8506c44816c0c9d488f357
  CapacitorCordova: be703980ca797f847c3356f78fa175d21c8330c2
  CapacitorHaptics: 19142a9a0544aa6225ea57058607dd7f6aa396b3
  CapacitorKeyboard: 79f5eb425cbddd3cf5de451f629264ee6c267026
  CapacitorPushNotifications: 36c5b49e33c5ab2b22e0dca04e37d69e359c0e63
  CapacitorStatusBar: 789edbe0c715102fabb24b178b9a390729bf9ecf

PODFILE CHECKSUM: 55801c35d7b651d2d17f7c755e6679e79e33d2c0

COCOAPODS: 1.16.2
