PODS:
  - Capacitor (6.1.0):
    - CapacitorCordova
  - CapacitorActionSheet (6.0.3):
    - Capacitor
  - CapacitorApp (6.0.0-beta.1):
    - Capacitor
  - CapacitorCordova (6.1.0)
  - CapacitorHaptics (6.0.0-beta.1):
    - Capacitor
  - CapacitorKeyboard (6.0.0-beta.1):
    - Capacitor
  - CapacitorPushNotifications (6.0.1):
    - Capacitor
  - CapacitorStatusBar (6.0.0-beta.1):
    - Capacitor

DEPENDENCIES:
  - "Capacitor (from `../../node_modules/@capacitor/ios`)"
  - "CapacitorActionSheet (from `../../node_modules/@capacitor/action-sheet`)"
  - "CapacitorApp (from `../../node_modules/@capacitor/app`)"
  - "CapacitorCordova (from `../../node_modules/@capacitor/ios`)"
  - "CapacitorHaptics (from `../../node_modules/@capacitor/haptics`)"
  - "CapacitorKeyboard (from `../../node_modules/@capacitor/keyboard`)"
  - "CapacitorPushNotifications (from `../../node_modules/@capacitor/push-notifications`)"
  - "CapacitorStatusBar (from `../../node_modules/@capacitor/status-bar`)"

EXTERNAL SOURCES:
  Capacitor:
    :path: "../../node_modules/@capacitor/ios"
  CapacitorActionSheet:
    :path: "../../node_modules/@capacitor/action-sheet"
  CapacitorApp:
    :path: "../../node_modules/@capacitor/app"
  CapacitorCordova:
    :path: "../../node_modules/@capacitor/ios"
  CapacitorHaptics:
    :path: "../../node_modules/@capacitor/haptics"
  CapacitorKeyboard:
    :path: "../../node_modules/@capacitor/keyboard"
  CapacitorPushNotifications:
    :path: "../../node_modules/@capacitor/push-notifications"
  CapacitorStatusBar:
    :path: "../../node_modules/@capacitor/status-bar"

SPEC CHECKSUMS:
  Capacitor: 187bd7847b6f71467015a20200a1a071be3e5f14
  CapacitorActionSheet: 653276dc474be8914db13293a987915f16148d00
  CapacitorApp: 96672537adb2c4b0890024f1cd8e2a3b510adc03
  CapacitorCordova: be703980ca797f847c3356f78fa175d21c8330c2
  CapacitorHaptics: a41a9c0c1deadb79550885a0a0786bec2c5f3b24
  CapacitorKeyboard: 5b92ccdd5177aa0fc1b25d6ae885c96594b4cc98
  CapacitorPushNotifications: 293fabe42c7229756078e81f2d3a60394ba4e5d8
  CapacitorStatusBar: 84f75b4b7814bdbaea7464a44b22511c2dba12ef

PODFILE CHECKSUM: 55801c35d7b651d2d17f7c755e6679e79e33d2c0

COCOAPODS: 1.15.2
